PODS:
  - boost (1.83.0)
  - DoubleConversion (1.1.6)
  - FBLazyVector (0.74.2)
  - fmt (9.1.0)
  - glog (0.3.5)
  - RCT-Folly (2024.01.01.00):
    - boost
    - DoubleConversion
    - fmt (= 9.1.0)
    - glog
    - RCT-Folly/Default (= 2024.01.01.00)
  - RCT-Folly/Default (2024.01.01.00):
    - boost
    - DoubleConversion
    - fmt (= 9.1.0)
    - glog
  - RCT-Folly/Fabric (2024.01.01.00):
    - boost
    - DoubleConversion
    - fmt (= 9.1.0)
    - glog
  - RCTDeprecation (0.74.2)
  - RCTRequired (0.74.2)
  - RCTTypeSafety (0.74.2):
    - FBLazyVector (= 0.74.2)
    - RCTRequired (= 0.74.2)
    - React-Core (= 0.74.2)
  - React (0.74.2):
    - React-Core (= 0.74.2)
    - React-Core/DevSupport (= 0.74.2)
    - React-Core/RCTWebSocket (= 0.74.2)
    - React-RCTActionSheet (= 0.74.2)
    - React-RCTAnimation (= 0.74.2)
    - React-RCTBlob (= 0.74.2)
    - React-RCTImage (= 0.74.2)
    - React-RCTLinking (= 0.74.2)
    - React-RCTNetwork (= 0.74.2)
    - React-RCTSettings (= 0.74.2)
    - React-RCTText (= 0.74.2)
    - React-RCTVibration (= 0.74.2)
  - React-callinvoker (0.74.2)
  - React-Codegen (0.74.2):
    - DoubleConversion
    - glog
    - RCT-Folly
    - RCTRequired
    - RCTTypeSafety
    - React-Core
    - React-debug
    - React-Fabric
    - React-FabricImage
    - React-featureflags
    - React-graphics
    - React-jsc
    - React-jsi
    - React-jsiexecutor
    - React-NativeModulesApple
    - React-rendererdebug
    - React-utils
    - ReactCommon/turbomodule/bridging
    - ReactCommon/turbomodule/core
  - React-Core (0.74.2):
    - glog
    - RCT-Folly (= 2024.01.01.00)
    - RCTDeprecation
    - React-Core/Default (= 0.74.2)
    - React-cxxreact
    - React-featureflags
    - React-jsc
    - React-jsi
    - React-jsiexecutor
    - React-jsinspector
    - React-perflogger
    - React-runtimescheduler
    - React-utils
    - SocketRocket (= 0.7.0)
    - Yoga
  - React-Core/CoreModulesHeaders (0.74.2):
    - glog
    - RCT-Folly (= 2024.01.01.00)
    - RCTDeprecation
    - React-Core/Default
    - React-cxxreact
    - React-featureflags
    - React-jsc
    - React-jsi
    - React-jsiexecutor
    - React-jsinspector
    - React-perflogger
    - React-runtimescheduler
    - React-utils
    - SocketRocket (= 0.7.0)
    - Yoga
  - React-Core/Default (0.74.2):
    - glog
    - RCT-Folly (= 2024.01.01.00)
    - RCTDeprecation
    - React-cxxreact
    - React-featureflags
    - React-jsc
    - React-jsi
    - React-jsiexecutor
    - React-jsinspector
    - React-perflogger
    - React-runtimescheduler
    - React-utils
    - SocketRocket (= 0.7.0)
    - Yoga
  - React-Core/DevSupport (0.74.2):
    - glog
    - RCT-Folly (= 2024.01.01.00)
    - RCTDeprecation
    - React-Core/Default (= 0.74.2)
    - React-Core/RCTWebSocket (= 0.74.2)
    - React-cxxreact
    - React-featureflags
    - React-jsc
    - React-jsi
    - React-jsiexecutor
    - React-jsinspector
    - React-perflogger
    - React-runtimescheduler
    - React-utils
    - SocketRocket (= 0.7.0)
    - Yoga
  - React-Core/RCTActionSheetHeaders (0.74.2):
    - glog
    - RCT-Folly (= 2024.01.01.00)
    - RCTDeprecation
    - React-Core/Default
    - React-cxxreact
    - React-featureflags
    - React-jsc
    - React-jsi
    - React-jsiexecutor
    - React-jsinspector
    - React-perflogger
    - React-runtimescheduler
    - React-utils
    - SocketRocket (= 0.7.0)
    - Yoga
  - React-Core/RCTAnimationHeaders (0.74.2):
    - glog
    - RCT-Folly (= 2024.01.01.00)
    - RCTDeprecation
    - React-Core/Default
    - React-cxxreact
    - React-featureflags
    - React-jsc
    - React-jsi
    - React-jsiexecutor
    - React-jsinspector
    - React-perflogger
    - React-runtimescheduler
    - React-utils
    - SocketRocket (= 0.7.0)
    - Yoga
  - React-Core/RCTBlobHeaders (0.74.2):
    - glog
    - RCT-Folly (= 2024.01.01.00)
    - RCTDeprecation
    - React-Core/Default
    - React-cxxreact
    - React-featureflags
    - React-jsc
    - React-jsi
    - React-jsiexecutor
    - React-jsinspector
    - React-perflogger
    - React-runtimescheduler
    - React-utils
    - SocketRocket (= 0.7.0)
    - Yoga
  - React-Core/RCTImageHeaders (0.74.2):
    - glog
    - RCT-Folly (= 2024.01.01.00)
    - RCTDeprecation
    - React-Core/Default
    - React-cxxreact
    - React-featureflags
    - React-jsc
    - React-jsi
    - React-jsiexecutor
    - React-jsinspector
    - React-perflogger
    - React-runtimescheduler
    - React-utils
    - SocketRocket (= 0.7.0)
    - Yoga
  - React-Core/RCTLinkingHeaders (0.74.2):
    - glog
    - RCT-Folly (= 2024.01.01.00)
    - RCTDeprecation
    - React-Core/Default
    - React-cxxreact
    - React-featureflags
    - React-jsc
    - React-jsi
    - React-jsiexecutor
    - React-jsinspector
    - React-perflogger
    - React-runtimescheduler
    - React-utils
    - SocketRocket (= 0.7.0)
    - Yoga
  - React-Core/RCTNetworkHeaders (0.74.2):
    - glog
    - RCT-Folly (= 2024.01.01.00)
    - RCTDeprecation
    - React-Core/Default
    - React-cxxreact
    - React-featureflags
    - React-jsc
    - React-jsi
    - React-jsiexecutor
    - React-jsinspector
    - React-perflogger
    - React-runtimescheduler
    - React-utils
    - SocketRocket (= 0.7.0)
    - Yoga
  - React-Core/RCTSettingsHeaders (0.74.2):
    - glog
    - RCT-Folly (= 2024.01.01.00)
    - RCTDeprecation
    - React-Core/Default
    - React-cxxreact
    - React-featureflags
    - React-jsc
    - React-jsi
    - React-jsiexecutor
    - React-jsinspector
    - React-perflogger
    - React-runtimescheduler
    - React-utils
    - SocketRocket (= 0.7.0)
    - Yoga
  - React-Core/RCTTextHeaders (0.74.2):
    - glog
    - RCT-Folly (= 2024.01.01.00)
    - RCTDeprecation
    - React-Core/Default
    - React-cxxreact
    - React-featureflags
    - React-jsc
    - React-jsi
    - React-jsiexecutor
    - React-jsinspector
    - React-perflogger
    - React-runtimescheduler
    - React-utils
    - SocketRocket (= 0.7.0)
    - Yoga
  - React-Core/RCTVibrationHeaders (0.74.2):
    - glog
    - RCT-Folly (= 2024.01.01.00)
    - RCTDeprecation
    - React-Core/Default
    - React-cxxreact
    - React-featureflags
    - React-jsc
    - React-jsi
    - React-jsiexecutor
    - React-jsinspector
    - React-perflogger
    - React-runtimescheduler
    - React-utils
    - SocketRocket (= 0.7.0)
    - Yoga
  - React-Core/RCTWebSocket (0.74.2):
    - glog
    - RCT-Folly (= 2024.01.01.00)
    - RCTDeprecation
    - React-Core/Default (= 0.74.2)
    - React-cxxreact
    - React-featureflags
    - React-jsc
    - React-jsi
    - React-jsiexecutor
    - React-jsinspector
    - React-perflogger
    - React-runtimescheduler
    - React-utils
    - SocketRocket (= 0.7.0)
    - Yoga
  - React-CoreModules (0.74.2):
    - DoubleConversion
    - fmt (= 9.1.0)
    - RCT-Folly (= 2024.01.01.00)
    - RCTTypeSafety (= 0.74.2)
    - React-Codegen
    - React-Core/CoreModulesHeaders (= 0.74.2)
    - React-jsi (= 0.74.2)
    - React-jsinspector
    - React-NativeModulesApple
    - React-RCTBlob
    - React-RCTImage (= 0.74.2)
    - ReactCommon
    - SocketRocket (= 0.7.0)
  - React-cxxreact (0.74.2):
    - boost (= 1.83.0)
    - DoubleConversion
    - fmt (= 9.1.0)
    - glog
    - RCT-Folly (= 2024.01.01.00)
    - React-callinvoker (= 0.74.2)
    - React-debug (= 0.74.2)
    - React-jsi (= 0.74.2)
    - React-jsinspector
    - React-logger (= 0.74.2)
    - React-perflogger (= 0.74.2)
    - React-runtimeexecutor (= 0.74.2)
  - React-debug (0.74.2)
  - React-Fabric (0.74.2):
    - DoubleConversion
    - fmt (= 9.1.0)
    - glog
    - RCT-Folly/Fabric (= 2024.01.01.00)
    - RCTRequired
    - RCTTypeSafety
    - React-Core
    - React-cxxreact
    - React-debug
    - React-Fabric/animations (= 0.74.2)
    - React-Fabric/attributedstring (= 0.74.2)
    - React-Fabric/componentregistry (= 0.74.2)
    - React-Fabric/componentregistrynative (= 0.74.2)
    - React-Fabric/components (= 0.74.2)
    - React-Fabric/core (= 0.74.2)
    - React-Fabric/imagemanager (= 0.74.2)
    - React-Fabric/leakchecker (= 0.74.2)
    - React-Fabric/mounting (= 0.74.2)
    - React-Fabric/scheduler (= 0.74.2)
    - React-Fabric/telemetry (= 0.74.2)
    - React-Fabric/templateprocessor (= 0.74.2)
    - React-Fabric/textlayoutmanager (= 0.74.2)
    - React-Fabric/uimanager (= 0.74.2)
    - React-graphics
    - React-jsc
    - React-jsi
    - React-jsiexecutor
    - React-logger
    - React-rendererdebug
    - React-runtimescheduler
    - React-utils
    - ReactCommon/turbomodule/core
  - React-Fabric/animations (0.74.2):
    - DoubleConversion
    - fmt (= 9.1.0)
    - glog
    - RCT-Folly/Fabric (= 2024.01.01.00)
    - RCTRequired
    - RCTTypeSafety
    - React-Core
    - React-cxxreact
    - React-debug
    - React-graphics
    - React-jsc
    - React-jsi
    - React-jsiexecutor
    - React-logger
    - React-rendererdebug
    - React-runtimescheduler
    - React-utils
    - ReactCommon/turbomodule/core
  - React-Fabric/attributedstring (0.74.2):
    - DoubleConversion
    - fmt (= 9.1.0)
    - glog
    - RCT-Folly/Fabric (= 2024.01.01.00)
    - RCTRequired
    - RCTTypeSafety
    - React-Core
    - React-cxxreact
    - React-debug
    - React-graphics
    - React-jsc
    - React-jsi
    - React-jsiexecutor
    - React-logger
    - React-rendererdebug
    - React-runtimescheduler
    - React-utils
    - ReactCommon/turbomodule/core
  - React-Fabric/componentregistry (0.74.2):
    - DoubleConversion
    - fmt (= 9.1.0)
    - glog
    - RCT-Folly/Fabric (= 2024.01.01.00)
    - RCTRequired
    - RCTTypeSafety
    - React-Core
    - React-cxxreact
    - React-debug
    - React-graphics
    - React-jsc
    - React-jsi
    - React-jsiexecutor
    - React-logger
    - React-rendererdebug
    - React-runtimescheduler
    - React-utils
    - ReactCommon/turbomodule/core
  - React-Fabric/componentregistrynative (0.74.2):
    - DoubleConversion
    - fmt (= 9.1.0)
    - glog
    - RCT-Folly/Fabric (= 2024.01.01.00)
    - RCTRequired
    - RCTTypeSafety
    - React-Core
    - React-cxxreact
    - React-debug
    - React-graphics
    - React-jsc
    - React-jsi
    - React-jsiexecutor
    - React-logger
    - React-rendererdebug
    - React-runtimescheduler
    - React-utils
    - ReactCommon/turbomodule/core
  - React-Fabric/components (0.74.2):
    - DoubleConversion
    - fmt (= 9.1.0)
    - glog
    - RCT-Folly/Fabric (= 2024.01.01.00)
    - RCTRequired
    - RCTTypeSafety
    - React-Core
    - React-cxxreact
    - React-debug
    - React-Fabric/components/inputaccessory (= 0.74.2)
    - React-Fabric/components/legacyviewmanagerinterop (= 0.74.2)
    - React-Fabric/components/modal (= 0.74.2)
    - React-Fabric/components/rncore (= 0.74.2)
    - React-Fabric/components/root (= 0.74.2)
    - React-Fabric/components/safeareaview (= 0.74.2)
    - React-Fabric/components/scrollview (= 0.74.2)
    - React-Fabric/components/text (= 0.74.2)
    - React-Fabric/components/textinput (= 0.74.2)
    - React-Fabric/components/unimplementedview (= 0.74.2)
    - React-Fabric/components/view (= 0.74.2)
    - React-graphics
    - React-jsc
    - React-jsi
    - React-jsiexecutor
    - React-logger
    - React-rendererdebug
    - React-runtimescheduler
    - React-utils
    - ReactCommon/turbomodule/core
  - React-Fabric/components/inputaccessory (0.74.2):
    - DoubleConversion
    - fmt (= 9.1.0)
    - glog
    - RCT-Folly/Fabric (= 2024.01.01.00)
    - RCTRequired
    - RCTTypeSafety
    - React-Core
    - React-cxxreact
    - React-debug
    - React-graphics
    - React-jsc
    - React-jsi
    - React-jsiexecutor
    - React-logger
    - React-rendererdebug
    - React-runtimescheduler
    - React-utils
    - ReactCommon/turbomodule/core
  - React-Fabric/components/legacyviewmanagerinterop (0.74.2):
    - DoubleConversion
    - fmt (= 9.1.0)
    - glog
    - RCT-Folly/Fabric (= 2024.01.01.00)
    - RCTRequired
    - RCTTypeSafety
    - React-Core
    - React-cxxreact
    - React-debug
    - React-graphics
    - React-jsc
    - React-jsi
    - React-jsiexecutor
    - React-logger
    - React-rendererdebug
    - React-runtimescheduler
    - React-utils
    - ReactCommon/turbomodule/core
  - React-Fabric/components/modal (0.74.2):
    - DoubleConversion
    - fmt (= 9.1.0)
    - glog
    - RCT-Folly/Fabric (= 2024.01.01.00)
    - RCTRequired
    - RCTTypeSafety
    - React-Core
    - React-cxxreact
    - React-debug
    - React-graphics
    - React-jsc
    - React-jsi
    - React-jsiexecutor
    - React-logger
    - React-rendererdebug
    - React-runtimescheduler
    - React-utils
    - ReactCommon/turbomodule/core
  - React-Fabric/components/rncore (0.74.2):
    - DoubleConversion
    - fmt (= 9.1.0)
    - glog
    - RCT-Folly/Fabric (= 2024.01.01.00)
    - RCTRequired
    - RCTTypeSafety
    - React-Core
    - React-cxxreact
    - React-debug
    - React-graphics
    - React-jsc
    - React-jsi
    - React-jsiexecutor
    - React-logger
    - React-rendererdebug
    - React-runtimescheduler
    - React-utils
    - ReactCommon/turbomodule/core
  - React-Fabric/components/root (0.74.2):
    - DoubleConversion
    - fmt (= 9.1.0)
    - glog
    - RCT-Folly/Fabric (= 2024.01.01.00)
    - RCTRequired
    - RCTTypeSafety
    - React-Core
    - React-cxxreact
    - React-debug
    - React-graphics
    - React-jsc
    - React-jsi
    - React-jsiexecutor
    - React-logger
    - React-rendererdebug
    - React-runtimescheduler
    - React-utils
    - ReactCommon/turbomodule/core
  - React-Fabric/components/safeareaview (0.74.2):
    - DoubleConversion
    - fmt (= 9.1.0)
    - glog
    - RCT-Folly/Fabric (= 2024.01.01.00)
    - RCTRequired
    - RCTTypeSafety
    - React-Core
    - React-cxxreact
    - React-debug
    - React-graphics
    - React-jsc
    - React-jsi
    - React-jsiexecutor
    - React-logger
    - React-rendererdebug
    - React-runtimescheduler
    - React-utils
    - ReactCommon/turbomodule/core
  - React-Fabric/components/scrollview (0.74.2):
    - DoubleConversion
    - fmt (= 9.1.0)
    - glog
    - RCT-Folly/Fabric (= 2024.01.01.00)
    - RCTRequired
    - RCTTypeSafety
    - React-Core
    - React-cxxreact
    - React-debug
    - React-graphics
    - React-jsc
    - React-jsi
    - React-jsiexecutor
    - React-logger
    - React-rendererdebug
    - React-runtimescheduler
    - React-utils
    - ReactCommon/turbomodule/core
  - React-Fabric/components/text (0.74.2):
    - DoubleConversion
    - fmt (= 9.1.0)
    - glog
    - RCT-Folly/Fabric (= 2024.01.01.00)
    - RCTRequired
    - RCTTypeSafety
    - React-Core
    - React-cxxreact
    - React-debug
    - React-graphics
    - React-jsc
    - React-jsi
    - React-jsiexecutor
    - React-logger
    - React-rendererdebug
    - React-runtimescheduler
    - React-utils
    - ReactCommon/turbomodule/core
  - React-Fabric/components/textinput (0.74.2):
    - DoubleConversion
    - fmt (= 9.1.0)
    - glog
    - RCT-Folly/Fabric (= 2024.01.01.00)
    - RCTRequired
    - RCTTypeSafety
    - React-Core
    - React-cxxreact
    - React-debug
    - React-graphics
    - React-jsc
    - React-jsi
    - React-jsiexecutor
    - React-logger
    - React-rendererdebug
    - React-runtimescheduler
    - React-utils
    - ReactCommon/turbomodule/core
  - React-Fabric/components/unimplementedview (0.74.2):
    - DoubleConversion
    - fmt (= 9.1.0)
    - glog
    - RCT-Folly/Fabric (= 2024.01.01.00)
    - RCTRequired
    - RCTTypeSafety
    - React-Core
    - React-cxxreact
    - React-debug
    - React-graphics
    - React-jsc
    - React-jsi
    - React-jsiexecutor
    - React-logger
    - React-rendererdebug
    - React-runtimescheduler
    - React-utils
    - ReactCommon/turbomodule/core
  - React-Fabric/components/view (0.74.2):
    - DoubleConversion
    - fmt (= 9.1.0)
    - glog
    - RCT-Folly/Fabric (= 2024.01.01.00)
    - RCTRequired
    - RCTTypeSafety
    - React-Core
    - React-cxxreact
    - React-debug
    - React-graphics
    - React-jsc
    - React-jsi
    - React-jsiexecutor
    - React-logger
    - React-rendererdebug
    - React-runtimescheduler
    - React-utils
    - ReactCommon/turbomodule/core
    - Yoga
  - React-Fabric/core (0.74.2):
    - DoubleConversion
    - fmt (= 9.1.0)
    - glog
    - RCT-Folly/Fabric (= 2024.01.01.00)
    - RCTRequired
    - RCTTypeSafety
    - React-Core
    - React-cxxreact
    - React-debug
    - React-graphics
    - React-jsc
    - React-jsi
    - React-jsiexecutor
    - React-logger
    - React-rendererdebug
    - React-runtimescheduler
    - React-utils
    - ReactCommon/turbomodule/core
  - React-Fabric/imagemanager (0.74.2):
    - DoubleConversion
    - fmt (= 9.1.0)
    - glog
    - RCT-Folly/Fabric (= 2024.01.01.00)
    - RCTRequired
    - RCTTypeSafety
    - React-Core
    - React-cxxreact
    - React-debug
    - React-graphics
    - React-jsc
    - React-jsi
    - React-jsiexecutor
    - React-logger
    - React-rendererdebug
    - React-runtimescheduler
    - React-utils
    - ReactCommon/turbomodule/core
  - React-Fabric/leakchecker (0.74.2):
    - DoubleConversion
    - fmt (= 9.1.0)
    - glog
    - RCT-Folly/Fabric (= 2024.01.01.00)
    - RCTRequired
    - RCTTypeSafety
    - React-Core
    - React-cxxreact
    - React-debug
    - React-graphics
    - React-jsc
    - React-jsi
    - React-jsiexecutor
    - React-logger
    - React-rendererdebug
    - React-runtimescheduler
    - React-utils
    - ReactCommon/turbomodule/core
  - React-Fabric/mounting (0.74.2):
    - DoubleConversion
    - fmt (= 9.1.0)
    - glog
    - RCT-Folly/Fabric (= 2024.01.01.00)
    - RCTRequired
    - RCTTypeSafety
    - React-Core
    - React-cxxreact
    - React-debug
    - React-graphics
    - React-jsc
    - React-jsi
    - React-jsiexecutor
    - React-logger
    - React-rendererdebug
    - React-runtimescheduler
    - React-utils
    - ReactCommon/turbomodule/core
  - React-Fabric/scheduler (0.74.2):
    - DoubleConversion
    - fmt (= 9.1.0)
    - glog
    - RCT-Folly/Fabric (= 2024.01.01.00)
    - RCTRequired
    - RCTTypeSafety
    - React-Core
    - React-cxxreact
    - React-debug
    - React-graphics
    - React-jsc
    - React-jsi
    - React-jsiexecutor
    - React-logger
    - React-rendererdebug
    - React-runtimescheduler
    - React-utils
    - ReactCommon/turbomodule/core
  - React-Fabric/telemetry (0.74.2):
    - DoubleConversion
    - fmt (= 9.1.0)
    - glog
    - RCT-Folly/Fabric (= 2024.01.01.00)
    - RCTRequired
    - RCTTypeSafety
    - React-Core
    - React-cxxreact
    - React-debug
    - React-graphics
    - React-jsc
    - React-jsi
    - React-jsiexecutor
    - React-logger
    - React-rendererdebug
    - React-runtimescheduler
    - React-utils
    - ReactCommon/turbomodule/core
  - React-Fabric/templateprocessor (0.74.2):
    - DoubleConversion
    - fmt (= 9.1.0)
    - glog
    - RCT-Folly/Fabric (= 2024.01.01.00)
    - RCTRequired
    - RCTTypeSafety
    - React-Core
    - React-cxxreact
    - React-debug
    - React-graphics
    - React-jsc
    - React-jsi
    - React-jsiexecutor
    - React-logger
    - React-rendererdebug
    - React-runtimescheduler
    - React-utils
    - ReactCommon/turbomodule/core
  - React-Fabric/textlayoutmanager (0.74.2):
    - DoubleConversion
    - fmt (= 9.1.0)
    - glog
    - RCT-Folly/Fabric (= 2024.01.01.00)
    - RCTRequired
    - RCTTypeSafety
    - React-Core
    - React-cxxreact
    - React-debug
    - React-Fabric/uimanager
    - React-graphics
    - React-jsc
    - React-jsi
    - React-jsiexecutor
    - React-logger
    - React-rendererdebug
    - React-runtimescheduler
    - React-utils
    - ReactCommon/turbomodule/core
  - React-Fabric/uimanager (0.74.2):
    - DoubleConversion
    - fmt (= 9.1.0)
    - glog
    - RCT-Folly/Fabric (= 2024.01.01.00)
    - RCTRequired
    - RCTTypeSafety
    - React-Core
    - React-cxxreact
    - React-debug
    - React-graphics
    - React-jsc
    - React-jsi
    - React-jsiexecutor
    - React-logger
    - React-rendererdebug
    - React-runtimescheduler
    - React-utils
    - ReactCommon/turbomodule/core
  - React-FabricImage (0.74.2):
    - DoubleConversion
    - fmt (= 9.1.0)
    - glog
    - RCT-Folly/Fabric (= 2024.01.01.00)
    - RCTRequired (= 0.74.2)
    - RCTTypeSafety (= 0.74.2)
    - React-Fabric
    - React-graphics
    - React-ImageManager
    - React-jsc
    - React-jsi
    - React-jsiexecutor (= 0.74.2)
    - React-logger
    - React-rendererdebug
    - React-utils
    - ReactCommon
    - Yoga
  - React-featureflags (0.74.2)
  - React-graphics (0.74.2):
    - DoubleConversion
    - fmt (= 9.1.0)
    - glog
    - RCT-Folly/Fabric (= 2024.01.01.00)
    - React-Core/Default (= 0.74.2)
    - React-utils
  - React-ImageManager (0.74.2):
    - glog
    - RCT-Folly/Fabric
    - React-Core/Default
    - React-debug
    - React-Fabric
    - React-graphics
    - React-rendererdebug
    - React-utils
  - React-jsc (0.74.2):
    - React-jsc/Fabric (= 0.74.2)
    - React-jsi (= 0.74.2)
  - React-jsc/Fabric (0.74.2):
    - React-jsi (= 0.74.2)
  - React-jserrorhandler (0.74.2):
    - RCT-Folly/Fabric (= 2024.01.01.00)
    - React-debug
    - React-jsi
    - React-Mapbuffer
  - React-jsi (0.74.2):
    - boost (= 1.83.0)
    - DoubleConversion
    - fmt (= 9.1.0)
    - glog
    - RCT-Folly (= 2024.01.01.00)
  - React-jsiexecutor (0.74.2):
    - DoubleConversion
    - fmt (= 9.1.0)
    - glog
    - RCT-Folly (= 2024.01.01.00)
    - React-cxxreact (= 0.74.2)
    - React-jsi (= 0.74.2)
    - React-jsinspector
    - React-perflogger (= 0.74.2)
  - React-jsinspector (0.74.2):
    - DoubleConversion
    - glog
    - RCT-Folly (= 2024.01.01.00)
    - React-featureflags
    - React-jsi
    - React-runtimeexecutor (= 0.74.2)
  - React-jsitracing (0.74.2):
    - React-jsi
  - React-logger (0.74.2):
    - glog
  - React-Mapbuffer (0.74.2):
    - glog
    - React-debug
  - React-nativeconfig (0.74.2)
  - React-NativeModulesApple (0.74.2):
    - glog
    - React-callinvoker
    - React-Core
    - React-cxxreact
    - React-jsc
    - React-jsi
    - React-jsinspector
    - React-runtimeexecutor
    - ReactCommon/turbomodule/bridging
    - ReactCommon/turbomodule/core
  - React-perflogger (0.74.2)
  - React-RCTActionSheet (0.74.2):
    - React-Core/RCTActionSheetHeaders (= 0.74.2)
  - React-RCTAnimation (0.74.2):
    - RCT-Folly (= 2024.01.01.00)
    - RCTTypeSafety
    - React-Codegen
    - React-Core/RCTAnimationHeaders
    - React-jsi
    - React-NativeModulesApple
    - ReactCommon
  - React-RCTAppDelegate (0.74.2):
    - RCT-Folly (= 2024.01.01.00)
    - RCTRequired
    - RCTTypeSafety
    - React-Codegen
    - React-Core
    - React-CoreModules
    - React-debug
    - React-Fabric
    - React-featureflags
    - React-graphics
    - React-jsc
    - React-nativeconfig
    - React-NativeModulesApple
    - React-RCTFabric
    - React-RCTImage
    - React-RCTNetwork
    - React-rendererdebug
    - React-RuntimeApple
    - React-RuntimeCore
    - React-runtimescheduler
    - React-utils
    - ReactCommon
  - React-RCTBlob (0.74.2):
    - DoubleConversion
    - fmt (= 9.1.0)
    - RCT-Folly (= 2024.01.01.00)
    - React-Codegen
    - React-Core/RCTBlobHeaders
    - React-Core/RCTWebSocket
    - React-jsi
    - React-jsinspector
    - React-NativeModulesApple
    - React-RCTNetwork
    - ReactCommon
  - React-RCTFabric (0.74.2):
    - glog
    - RCT-Folly/Fabric (= 2024.01.01.00)
    - React-Core
    - React-debug
    - React-Fabric
    - React-FabricImage
    - React-featureflags
    - React-graphics
    - React-ImageManager
    - React-jsc
    - React-jsi
    - React-jsinspector
    - React-nativeconfig
    - React-RCTImage
    - React-RCTText
    - React-rendererdebug
    - React-runtimescheduler
    - React-utils
    - Yoga
  - React-RCTImage (0.74.2):
    - RCT-Folly (= 2024.01.01.00)
    - RCTTypeSafety
    - React-Codegen
    - React-Core/RCTImageHeaders
    - React-jsi
    - React-NativeModulesApple
    - React-RCTNetwork
    - ReactCommon
  - React-RCTLinking (0.74.2):
    - React-Codegen
    - React-Core/RCTLinkingHeaders (= 0.74.2)
    - React-jsi (= 0.74.2)
    - React-NativeModulesApple
    - ReactCommon
    - ReactCommon/turbomodule/core (= 0.74.2)
  - React-RCTNetwork (0.74.2):
    - RCT-Folly (= 2024.01.01.00)
    - RCTTypeSafety
    - React-Codegen
    - React-Core/RCTNetworkHeaders
    - React-jsi
    - React-NativeModulesApple
    - ReactCommon
  - React-RCTSettings (0.74.2):
    - RCT-Folly (= 2024.01.01.00)
    - RCTTypeSafety
    - React-Codegen
    - React-Core/RCTSettingsHeaders
    - React-jsi
    - React-NativeModulesApple
    - ReactCommon
  - React-RCTText (0.74.2):
    - React-Core/RCTTextHeaders (= 0.74.2)
    - Yoga
  - React-RCTVibration (0.74.2):
    - RCT-Folly (= 2024.01.01.00)
    - React-Codegen
    - React-Core/RCTVibrationHeaders
    - React-jsi
    - React-NativeModulesApple
    - ReactCommon
  - React-rendererdebug (0.74.2):
    - DoubleConversion
    - fmt (= 9.1.0)
    - RCT-Folly (= 2024.01.01.00)
    - React-debug
  - React-rncore (0.74.2)
  - React-RuntimeApple (0.74.2):
    - RCT-Folly/Fabric (= 2024.01.01.00)
    - React-callinvoker
    - React-Core/Default
    - React-CoreModules
    - React-cxxreact
    - React-jsc
    - React-jserrorhandler
    - React-jsi
    - React-jsiexecutor
    - React-jsinspector
    - React-Mapbuffer
    - React-NativeModulesApple
    - React-RCTFabric
    - React-RuntimeCore
    - React-runtimeexecutor
    - React-utils
  - React-RuntimeCore (0.74.2):
    - glog
    - RCT-Folly/Fabric (= 2024.01.01.00)
    - React-cxxreact
    - React-featureflags
    - React-jsc
    - React-jserrorhandler
    - React-jsi
    - React-jsiexecutor
    - React-jsinspector
    - React-runtimeexecutor
    - React-runtimescheduler
    - React-utils
  - React-runtimeexecutor (0.74.2):
    - React-jsi (= 0.74.2)
  - React-runtimescheduler (0.74.2):
    - glog
    - RCT-Folly (= 2024.01.01.00)
    - React-callinvoker
    - React-cxxreact
    - React-debug
    - React-featureflags
    - React-jsc
    - React-jsi
    - React-rendererdebug
    - React-runtimeexecutor
    - React-utils
  - React-utils (0.74.2):
    - glog
    - RCT-Folly (= 2024.01.01.00)
    - React-debug
    - React-jsc
    - React-jsi (= 0.74.2)
  - ReactCommon (0.74.2):
    - ReactCommon/turbomodule (= 0.74.2)
  - ReactCommon/turbomodule (0.74.2):
    - DoubleConversion
    - fmt (= 9.1.0)
    - glog
    - RCT-Folly (= 2024.01.01.00)
    - React-callinvoker (= 0.74.2)
    - React-cxxreact (= 0.74.2)
    - React-jsi (= 0.74.2)
    - React-logger (= 0.74.2)
    - React-perflogger (= 0.74.2)
    - ReactCommon/turbomodule/bridging (= 0.74.2)
    - ReactCommon/turbomodule/core (= 0.74.2)
  - ReactCommon/turbomodule/bridging (0.74.2):
    - DoubleConversion
    - fmt (= 9.1.0)
    - glog
    - RCT-Folly (= 2024.01.01.00)
    - React-callinvoker (= 0.74.2)
    - React-cxxreact (= 0.74.2)
    - React-jsi (= 0.74.2)
    - React-logger (= 0.74.2)
    - React-perflogger (= 0.74.2)
  - ReactCommon/turbomodule/core (0.74.2):
    - DoubleConversion
    - fmt (= 9.1.0)
    - glog
    - RCT-Folly (= 2024.01.01.00)
    - React-callinvoker (= 0.74.2)
    - React-cxxreact (= 0.74.2)
    - React-debug (= 0.74.2)
    - React-jsi (= 0.74.2)
    - React-logger (= 0.74.2)
    - React-perflogger (= 0.74.2)
    - React-utils (= 0.74.2)
  - ReactNativeHost (0.4.12):
    - DoubleConversion
    - glog
    - RCT-Folly (= 2024.01.01.00)
    - RCTRequired
    - RCTTypeSafety
    - React-Codegen
    - React-Core
    - React-cxxreact
    - React-debug
    - React-Fabric
    - React-featureflags
    - React-graphics
    - React-ImageManager
    - React-jsi
    - React-NativeModulesApple
    - React-RCTFabric
    - React-rendererdebug
    - React-utils
    - ReactCommon/turbomodule/bridging
    - ReactCommon/turbomodule/core
    - Yoga
  - ReactTestApp-DevSupport (3.9.7):
    - React-Core
    - React-jsi
  - ReactTestApp-Resources (1.0.0-dev)
  - SocketRocket (0.7.0)
  - Yoga (0.0.0)

DEPENDENCIES:
  - boost (from `../../../node_modules/react-native/third-party-podspecs/boost.podspec`)
  - DoubleConversion (from `../../../node_modules/react-native/third-party-podspecs/DoubleConversion.podspec`)
  - FBLazyVector (from `../../../node_modules/react-native/Libraries/FBLazyVector`)
  - fmt (from `../../../node_modules/react-native/third-party-podspecs/fmt.podspec`)
  - glog (from `../../../node_modules/react-native/third-party-podspecs/glog.podspec`)
  - RCT-Folly (from `../../../node_modules/react-native/third-party-podspecs/RCT-Folly.podspec`)
  - RCT-Folly/Fabric (from `../../../node_modules/react-native/third-party-podspecs/RCT-Folly.podspec`)
  - RCTDeprecation (from `../../../node_modules/react-native/ReactApple/Libraries/RCTFoundation/RCTDeprecation`)
  - RCTRequired (from `../../../node_modules/react-native/Libraries/Required`)
  - RCTTypeSafety (from `../../../node_modules/react-native/Libraries/TypeSafety`)
  - React (from `../../../node_modules/react-native/`)
  - React-callinvoker (from `../../../node_modules/react-native/ReactCommon/callinvoker`)
  - React-Codegen (from `build/generated/ios`)
  - React-Core (from `../../../node_modules/react-native/`)
  - React-Core/RCTWebSocket (from `../../../node_modules/react-native/`)
  - React-CoreModules (from `../../../node_modules/react-native/React/CoreModules`)
  - React-cxxreact (from `../../../node_modules/react-native/ReactCommon/cxxreact`)
  - React-debug (from `../../../node_modules/react-native/ReactCommon/react/debug`)
  - React-Fabric (from `../../../node_modules/react-native/ReactCommon`)
  - React-FabricImage (from `../../../node_modules/react-native/ReactCommon`)
  - React-featureflags (from `../../../node_modules/react-native/ReactCommon/react/featureflags`)
  - React-graphics (from `../../../node_modules/react-native/ReactCommon/react/renderer/graphics`)
  - React-ImageManager (from `../../../node_modules/react-native/ReactCommon/react/renderer/imagemanager/platform/ios`)
  - React-jsc (from `../../../node_modules/react-native/ReactCommon/jsc`)
  - React-jserrorhandler (from `../../../node_modules/react-native/ReactCommon/jserrorhandler`)
  - React-jsi (from `../../../node_modules/react-native/ReactCommon/jsi`)
  - React-jsiexecutor (from `../../../node_modules/react-native/ReactCommon/jsiexecutor`)
  - React-jsinspector (from `../../../node_modules/react-native/ReactCommon/jsinspector-modern`)
  - React-jsitracing (from `../../../node_modules/react-native/ReactCommon/hermes/executor/`)
  - React-logger (from `../../../node_modules/react-native/ReactCommon/logger`)
  - React-Mapbuffer (from `../../../node_modules/react-native/ReactCommon`)
  - React-nativeconfig (from `../../../node_modules/react-native/ReactCommon`)
  - React-NativeModulesApple (from `../../../node_modules/react-native/ReactCommon/react/nativemodule/core/platform/ios`)
  - React-perflogger (from `../../../node_modules/react-native/ReactCommon/reactperflogger`)
  - React-RCTActionSheet (from `../../../node_modules/react-native/Libraries/ActionSheetIOS`)
  - React-RCTAnimation (from `../../../node_modules/react-native/Libraries/NativeAnimation`)
  - React-RCTAppDelegate (from `../../../node_modules/react-native/Libraries/AppDelegate`)
  - React-RCTBlob (from `../../../node_modules/react-native/Libraries/Blob`)
  - React-RCTFabric (from `../../../node_modules/react-native/React`)
  - React-RCTImage (from `../../../node_modules/react-native/Libraries/Image`)
  - React-RCTLinking (from `../../../node_modules/react-native/Libraries/LinkingIOS`)
  - React-RCTNetwork (from `../../../node_modules/react-native/Libraries/Network`)
  - React-RCTSettings (from `../../../node_modules/react-native/Libraries/Settings`)
  - React-RCTText (from `../../../node_modules/react-native/Libraries/Text`)
  - React-RCTVibration (from `../../../node_modules/react-native/Libraries/Vibration`)
  - React-rendererdebug (from `../../../node_modules/react-native/ReactCommon/react/renderer/debug`)
  - React-rncore (from `../../../node_modules/react-native/ReactCommon`)
  - React-RuntimeApple (from `../../../node_modules/react-native/ReactCommon/react/runtime/platform/ios`)
  - React-RuntimeCore (from `../../../node_modules/react-native/ReactCommon/react/runtime`)
  - React-runtimeexecutor (from `../../../node_modules/react-native/ReactCommon/runtimeexecutor`)
  - React-runtimescheduler (from `../../../node_modules/react-native/ReactCommon/react/renderer/runtimescheduler`)
  - React-utils (from `../../../node_modules/react-native/ReactCommon/react/utils`)
  - ReactCommon/turbomodule/core (from `../../../node_modules/react-native/ReactCommon`)
  - "ReactNativeHost (from `../../../node_modules/@rnx-kit/react-native-host`)"
  - ReactTestApp-DevSupport (from `../../../node_modules/react-native-test-app`)
  - ReactTestApp-Resources (from `..`)
  - Yoga (from `../../../node_modules/react-native/ReactCommon/yoga`)

SPEC REPOS:
  trunk:
    - SocketRocket

EXTERNAL SOURCES:
  boost:
    :podspec: "../../../node_modules/react-native/third-party-podspecs/boost.podspec"
  DoubleConversion:
    :podspec: "../../../node_modules/react-native/third-party-podspecs/DoubleConversion.podspec"
  FBLazyVector:
    :path: "../../../node_modules/react-native/Libraries/FBLazyVector"
  fmt:
    :podspec: "../../../node_modules/react-native/third-party-podspecs/fmt.podspec"
  glog:
    :podspec: "../../../node_modules/react-native/third-party-podspecs/glog.podspec"
  RCT-Folly:
    :podspec: "../../../node_modules/react-native/third-party-podspecs/RCT-Folly.podspec"
  RCTDeprecation:
    :path: "../../../node_modules/react-native/ReactApple/Libraries/RCTFoundation/RCTDeprecation"
  RCTRequired:
    :path: "../../../node_modules/react-native/Libraries/Required"
  RCTTypeSafety:
    :path: "../../../node_modules/react-native/Libraries/TypeSafety"
  React:
    :path: "../../../node_modules/react-native/"
  React-callinvoker:
    :path: "../../../node_modules/react-native/ReactCommon/callinvoker"
  React-Codegen:
    :path: build/generated/ios
  React-Core:
    :path: "../../../node_modules/react-native/"
  React-CoreModules:
    :path: "../../../node_modules/react-native/React/CoreModules"
  React-cxxreact:
    :path: "../../../node_modules/react-native/ReactCommon/cxxreact"
  React-debug:
    :path: "../../../node_modules/react-native/ReactCommon/react/debug"
  React-Fabric:
    :path: "../../../node_modules/react-native/ReactCommon"
  React-FabricImage:
    :path: "../../../node_modules/react-native/ReactCommon"
  React-featureflags:
    :path: "../../../node_modules/react-native/ReactCommon/react/featureflags"
  React-graphics:
    :path: "../../../node_modules/react-native/ReactCommon/react/renderer/graphics"
  React-ImageManager:
    :path: "../../../node_modules/react-native/ReactCommon/react/renderer/imagemanager/platform/ios"
  React-jsc:
    :path: "../../../node_modules/react-native/ReactCommon/jsc"
  React-jserrorhandler:
    :path: "../../../node_modules/react-native/ReactCommon/jserrorhandler"
  React-jsi:
    :path: "../../../node_modules/react-native/ReactCommon/jsi"
  React-jsiexecutor:
    :path: "../../../node_modules/react-native/ReactCommon/jsiexecutor"
  React-jsinspector:
    :path: "../../../node_modules/react-native/ReactCommon/jsinspector-modern"
  React-jsitracing:
    :path: "../../../node_modules/react-native/ReactCommon/hermes/executor/"
  React-logger:
    :path: "../../../node_modules/react-native/ReactCommon/logger"
  React-Mapbuffer:
    :path: "../../../node_modules/react-native/ReactCommon"
  React-nativeconfig:
    :path: "../../../node_modules/react-native/ReactCommon"
  React-NativeModulesApple:
    :path: "../../../node_modules/react-native/ReactCommon/react/nativemodule/core/platform/ios"
  React-perflogger:
    :path: "../../../node_modules/react-native/ReactCommon/reactperflogger"
  React-RCTActionSheet:
    :path: "../../../node_modules/react-native/Libraries/ActionSheetIOS"
  React-RCTAnimation:
    :path: "../../../node_modules/react-native/Libraries/NativeAnimation"
  React-RCTAppDelegate:
    :path: "../../../node_modules/react-native/Libraries/AppDelegate"
  React-RCTBlob:
    :path: "../../../node_modules/react-native/Libraries/Blob"
  React-RCTFabric:
    :path: "../../../node_modules/react-native/React"
  React-RCTImage:
    :path: "../../../node_modules/react-native/Libraries/Image"
  React-RCTLinking:
    :path: "../../../node_modules/react-native/Libraries/LinkingIOS"
  React-RCTNetwork:
    :path: "../../../node_modules/react-native/Libraries/Network"
  React-RCTSettings:
    :path: "../../../node_modules/react-native/Libraries/Settings"
  React-RCTText:
    :path: "../../../node_modules/react-native/Libraries/Text"
  React-RCTVibration:
    :path: "../../../node_modules/react-native/Libraries/Vibration"
  React-rendererdebug:
    :path: "../../../node_modules/react-native/ReactCommon/react/renderer/debug"
  React-rncore:
    :path: "../../../node_modules/react-native/ReactCommon"
  React-RuntimeApple:
    :path: "../../../node_modules/react-native/ReactCommon/react/runtime/platform/ios"
  React-RuntimeCore:
    :path: "../../../node_modules/react-native/ReactCommon/react/runtime"
  React-runtimeexecutor:
    :path: "../../../node_modules/react-native/ReactCommon/runtimeexecutor"
  React-runtimescheduler:
    :path: "../../../node_modules/react-native/ReactCommon/react/renderer/runtimescheduler"
  React-utils:
    :path: "../../../node_modules/react-native/ReactCommon/react/utils"
  ReactCommon:
    :path: "../../../node_modules/react-native/ReactCommon"
  ReactNativeHost:
    :path: "../../../node_modules/@rnx-kit/react-native-host"
  ReactTestApp-DevSupport:
    :path: "../../../node_modules/react-native-test-app"
  ReactTestApp-Resources:
    :path: ".."
  Yoga:
    :path: "../../../node_modules/react-native/ReactCommon/yoga"

SPEC CHECKSUMS:
  boost: d3f49c53809116a5d38da093a8aa78bf551aed09
  DoubleConversion: 76ab83afb40bddeeee456813d9c04f67f78771b5
  FBLazyVector: 4bc164e5b5e6cfc288d2b5ff28643ea15fa1a589
  fmt: 4c2741a687cc09f0634a2e2c72a838b99f1ff120
  glog: fdfdfe5479092de0c4bdbebedd9056951f092c4f
  RCT-Folly: 02617c592a293bd6d418e0a88ff4ee1f88329b47
  RCTDeprecation: b03c35057846b685b3ccadc9bfe43e349989cdb2
  RCTRequired: 194626909cfa8d39ca6663138c417bc6c431648c
  RCTTypeSafety: 552aff5b8e8341660594db00e53ac889682bc120
  React: a57fe42044fe6ed3e828f8867ce070a6c5872754
  React-callinvoker: 6bedefb354a8848b534752417954caa3a5cf34f9
  React-Codegen: 6d86d54bbe76e2bb648ed9a55f7cef62d4ef001a
  React-Core: 5c1d9ccec3980f94f22d9d5d1cd185d87c89cfcf
  React-CoreModules: eda5ce541a1f552158317abd90a5a0f6a4f8d6f7
  React-cxxreact: e7b005ccfe69a961ef2c6f8890409e5525844074
  React-debug: 164b8e302404d92d4bec39778a5e03bcb1b6eb08
  React-Fabric: 813eb5fd4710af23d5c0448e30390e6fd19a7441
  React-FabricImage: 4592a0dede0b033c3c19d313d770c09c6d5481fa
  React-featureflags: d97a6393993052e951e16a3b81206e22110be8d2
  React-graphics: ef07d701f4eb72ae6fca6ed0a7260a04f2a58dec
  React-ImageManager: 00404bfe122626bc6493621f2a31ce802115a9b3
  React-jsc: e70a1bb9f4336280fc7b225a01f3d43435713d4f
  React-jserrorhandler: 5e2632590a84363855b2083e6b3d501e93bc3f04
  React-jsi: d254f10d6109d5a63610c71fc87fbf5d8460729e
  React-jsiexecutor: f8a1e251674b9e71dfeb290680a02cd12f7ed1bf
  React-jsinspector: 38e2c05ab66e647ac752cb5604f39b5c31171e84
  React-jsitracing: 0fa7f78d8fdda794667cb2e6f19c874c1cf31d7e
  React-logger: 29fa3e048f5f67fe396bc08af7606426d9bd7b5d
  React-Mapbuffer: bf56147c9775491e53122a94c423ac201417e326
  React-nativeconfig: 9f223cd321823afdecf59ed00861ab2d69ee0fc1
  React-NativeModulesApple: aa472b3b953e3aceeb45d82e86e03dee776d01de
  React-perflogger: 32ed45d9cee02cf6639acae34251590dccd30994
  React-RCTActionSheet: 19f967ddaea258182b56ef11437133b056ba2adf
  React-RCTAnimation: d7f4137fc44a08bba465267ea7cb1dbdb7c4ec87
  React-RCTAppDelegate: 7ec8c3fad90193071b31e0f52278f0339624924e
  React-RCTBlob: 1f9cb31b2331c7ac97f0d5ce3ab626f990edfd43
  React-RCTFabric: 04765e952b8520461f16dfda2fb4a713e04c7670
  React-RCTImage: 40528ab74a4fef0f0e2ee797a074b26d120b6cc6
  React-RCTLinking: 385b5beb96749aae9ae1606746e883e1c9f8a6a7
  React-RCTNetwork: ffc9f05bd8fa5b3bce562199ba41235ad0af645c
  React-RCTSettings: 21914178bb65cb2c20c655ae1fb401617ae74618
  React-RCTText: 7f8dba1a311e99f4de15bbace2350e805f33f024
  React-RCTVibration: e4ccf673579d0d94a96b3a0b64492db08f8324d5
  React-rendererdebug: ac70f40de137ce7bdbc55eaee60c467a215d9923
  React-rncore: edfff7a3f7f82ca1e0ba26978c6d84c7a8970dac
  React-RuntimeApple: 5e2eaa6dff2ba15a0a5ceff8c15ab692e303d68b
  React-RuntimeCore: f30a5d38677d9fb38875f5efe4b9bbd79f6797ac
  React-runtimeexecutor: 5961acc7a77b69f964e1645a5d6069e124ce6b37
  React-runtimescheduler: d2f61c6fd47401f52d220cff22791db1ac7053e0
  React-utils: a4de2ebe8d96dfafd27ffd7c131e7ddca3a386e4
  ReactCommon: f75776d715a088ecb67041eaf50ccdb7e94b245c
  ReactNativeHost: 2bc85a4cc8f2e7e7fef5e551d4adb9c90757859f
  ReactTestApp-DevSupport: 74676edd899013becce4eaecc5eabba1fc51e26e
  ReactTestApp-Resources: 857244f3a23f2b3157b364fa06cf3e8866deff9c
  SocketRocket: abac6f5de4d4d62d24e11868d7a2f427e0ef940d
  Yoga: ae3c32c514802d30f687a04a6a35b348506d411f

PODFILE CHECKSUM: 58b1b5d965384968b1dd12f033ef182aec4c1b6b

COCOAPODS: 1.14.3
